
Microsoft Visual Studio Solution File, Format Version 12.00
# Visual Studio Version 17
VisualStudioVersion = 17.5.002.0
MinimumVisualStudioVersion = 10.0.40219.1
Project("{9A19103F-16F7-4668-BE54-9A1E7A4F7556}") = "DesafioFundamentos", "DesafioFundamentos.csproj", "{EF4860C4-2AD6-4CBA-B047-3F56D8D47DED}"
EndProject
Global
	GlobalSection(SolutionConfigurationPlatforms) = preSolution
		Debug|Any CPU = Debug|Any CPU
		Release|Any CPU = Release|Any CPU
	EndGlobalSection
	GlobalSection(ProjectConfigurationPlatforms) = postSolution
		{EF4860C4-2AD6-4CBA-B047-3F56D8D47DED}.Debug|Any CPU.ActiveCfg = Debug|Any CPU
		{EF4860C4-2AD6-4CBA-B047-3F56D8D47DED}.Debug|Any CPU.Build.0 = Debug|Any CPU
		{EF4860C4-2AD6-4CBA-B047-3F56D8D47DED}.Release|Any CPU.ActiveCfg = Release|Any CPU
		{EF4860C4-2AD6-4CBA-B047-3F56D8D47DED}.Release|Any CPU.Build.0 = Release|Any CPU
	EndGlobalSection
	GlobalSection(SolutionProperties) = preSolution
		HideSolutionNode = FALSE
	EndGlobalSection
	GlobalSection(ExtensibilityGlobals) = postSolution
		SolutionGuid = {6506CF72-F387-41EB-997D-2D78943FE9C7}
	EndGlobalSection
EndGlobal
